lockfileVersion: '9.0'

settings:
  autoInstallPeers: true
  excludeLinksFromLockfile: false

importers:

  .:
    devDependencies:
      '@types/jquery':
        specifier: ^3.5.29
        version: 3.5.33
      swiper:
        specifier: ^12.0.1
        version: 12.0.1
      typescript:
        specifier: ^5.2.0
        version: 5.9.2

packages:

  '@types/jquery@3.5.33':
    resolution: {integrity: sha512-SeyVJXlCZpEki5F0ghuYe+L+PprQta6nRZqhONt9F13dWBtR/ftoaIbdRQ7cis7womE+X2LKhsDdDtkkDhJS6g==}

  '@types/sizzle@2.3.10':
    resolution: {integrity: sha512-TC0dmN0K8YcWEAEfiPi5gJP14eJe30TTGjkvek3iM/1NdHHsdCA/Td6GvNndMOo/iSnIsZ4HuuhrYPDAmbxzww==}

  swiper@12.0.1:
    resolution: {integrity: sha512-Fi+gNw/tfc4hsGowQU5tRC/f1HFknkh4Vz8PaDI4JTinLUMTwhZyaovcH/va+iXq98BNUHN5ok0c2lEI82Fsgw==}
    engines: {node: '>= 4.7.0'}

  typescript@5.9.2:
    resolution: {integrity: sha512-CWBzXQrc/qOkhidw1OzBTQuYRbfyxDXJMVJ1XNwUHGROVmuaeiEm3OslpZ1RV96d7SKKjZKrSJu3+t/xlw3R9A==}
    engines: {node: '>=14.17'}
    hasBin: true

snapshots:

  '@types/jquery@3.5.33':
    dependencies:
      '@types/sizzle': 2.3.10

  '@types/sizzle@2.3.10': {}

  swiper@12.0.1: {}

  typescript@5.9.2: {}
