lockfileVersion: '9.0'

settings:
  autoInstallPeers: true
  excludeLinksFromLockfile: false

importers:

  .:
    dependencies:
      '@types/backbone':
        specifier: ^1.4.23
        version: 1.4.23
      '@types/jquery':
        specifier: ^3.5.33
        version: 3.5.33
      '@types/select2':
        specifier: ^4.0.63
        version: 4.0.63
    devDependencies:
      '@types/node':
        specifier: ^25.3.0
        version: 25.3.0
      backbone:
        specifier: ^1.6.1
        version: 1.6.1
      backbone.marionette:
        specifier: ^4.1.3
        version: 4.1.3(backbone@1.6.1)(underscore@1.13.8)
      backbone.radio:
        specifier: ^2.0.0
        version: 2.0.0(backbone@1.6.1)(underscore@1.13.8)
      swiper:
        specifier: ^12.1.2
        version: 12.1.2
      typescript:
        specifier: ^5.9.3
        version: 5.9.3
      underscore:
        specifier: ^1.13.8
        version: 1.13.8

packages:

  '@types/backbone@1.4.23':
    resolution: {integrity: sha512-B/hN/DAJdWFOusEkEoa5xgfVuxJJPOR/6JQ2uwURPDyKL24PuC76IR6EcSRJ6lvGWtxHRQYMJQhJYm6KpMDtGQ==}

  '@types/jquery@3.5.33':
    resolution: {integrity: sha512-SeyVJXlCZpEki5F0ghuYe+L+PprQta6nRZqhONt9F13dWBtR/ftoaIbdRQ7cis7womE+X2LKhsDdDtkkDhJS6g==}

  '@types/node@25.3.0':
    resolution: {integrity: sha512-4K3bqJpXpqfg2XKGK9bpDTc6xO/xoUP/RBWS7AtRMug6zZFaRekiLzjVtAoZMquxoAbzBvy5nxQ7veS5eYzf8A==}

  '@types/select2@4.0.63':
    resolution: {integrity: sha512-/DXUfPSj3iVTGlRYRYPCFKKSogAGP/j+Z0fIMXbBiBtmmZj0WH7vnfNuckafq9C43KnqPPQW2TI/Rj/vTSGnQQ==}

  '@types/sizzle@2.3.10':
    resolution: {integrity: sha512-TC0dmN0K8YcWEAEfiPi5gJP14eJe30TTGjkvek3iM/1NdHHsdCA/Td6GvNndMOo/iSnIsZ4HuuhrYPDAmbxzww==}

  '@types/underscore@1.13.0':
    resolution: {integrity: sha512-L6LBgy1f0EFQZ+7uSA57+n2g/s4Qs5r06Vwrwn0/nuK1de+adz00NWaztRQ30aEqw5qOaWbPI8u2cGQ52lj6VA==}

  backbone.marionette@4.1.3:
    resolution: {integrity: sha512-8alY/p90UCMzOetMzVUl7+Y7riQktbKa44FKoehlToBUOzfTJqeDIJ62QxddE/H0zIvG9Iw2mMqRvqxvYRwOog==}
    peerDependencies:
      backbone: ^1.3.3
      underscore: ^1.8.3

  backbone.radio@2.0.0:
    resolution: {integrity: sha512-SHdSh2OaWqalbYi1sXvbTtnRFym5AV9loybNi2Q1iHkU2vveQDlWsmDn9l8onmfR6ZkemuYgHLgtfAYKfyfBZg==}
    peerDependencies:
      backbone: ^1.3.3
      underscore: ^1.8.3

  backbone@1.6.1:
    resolution: {integrity: sha512-YQzWxOrIgL6BoFnZjThVN99smKYhyEXXFyJJ2lsF1wJLyo4t+QjmkLrH8/fN22FZ4ykF70Xq7PgTugJVR4zS9Q==}

  swiper@12.1.2:
    resolution: {integrity: sha512-4gILrI3vXZqoZh71I1PALqukCFgk+gpOwe1tOvz5uE9kHtl2gTDzmYflYCwWvR4LOvCrJi6UEEU+gnuW5BtkgQ==}
    engines: {node: '>= 4.7.0'}

  typescript@5.9.3:
    resolution: {integrity: sha512-jl1vZzPDinLr9eUt3J/t7V6FgNEw9QjvBPdysz9KfQDD41fQrC2Y4vKQdiaUpFT4bXlb1RHhLpp8wtm6M5TgSw==}
    engines: {node: '>=14.17'}
    hasBin: true

  underscore@1.13.8:
    resolution: {integrity: sha512-DXtD3ZtEQzc7M8m4cXotyHR+FAS18C64asBYY5vqZexfYryNNnDc02W4hKg3rdQuqOYas1jkseX0+nZXjTXnvQ==}

  undici-types@7.18.2:
    resolution: {integrity: sha512-AsuCzffGHJybSaRrmr5eHr81mwJU3kjw6M+uprWvCXiNeN9SOGwQ3Jn8jb8m3Z6izVgknn1R0FTCEAP2QrLY/w==}

snapshots:

  '@types/backbone@1.4.23':
    dependencies:
      '@types/jquery': 3.5.33
      '@types/underscore': 1.13.0

  '@types/jquery@3.5.33':
    dependencies:
      '@types/sizzle': 2.3.10

  '@types/node@25.3.0':
    dependencies:
      undici-types: 7.18.2

  '@types/select2@4.0.63':
    dependencies:
      '@types/jquery': 3.5.33

  '@types/sizzle@2.3.10': {}

  '@types/underscore@1.13.0': {}

  backbone.marionette@4.1.3(backbone@1.6.1)(underscore@1.13.8):
    dependencies:
      backbone: 1.6.1
      backbone.radio: 2.0.0(backbone@1.6.1)(underscore@1.13.8)
      underscore: 1.13.8

  backbone.radio@2.0.0(backbone@1.6.1)(underscore@1.13.8):
    dependencies:
      backbone: 1.6.1
      underscore: 1.13.8

  backbone@1.6.1:
    dependencies:
      underscore: 1.13.8

  swiper@12.1.2: {}

  typescript@5.9.3: {}

  underscore@1.13.8: {}

  undici-types@7.18.2: {}
